
Microsoft Visual Studio Solution File, Format Version 12.00
# Visual Studio Version 17
VisualStudioVersion = 17.14.36511.14 d17.14
MinimumVisualStudioVersion = 10.0.40219.1
Project("{FAE04EC0-301F-11D3-BF4B-00C04F79EFBC}") = "MVC_Demo", "MVC_Demo\MVC_Demo.csproj", "{4F5E95B0-6F38-444C-A012-C9719B427A37}"
EndProject
Project("{FAE04EC0-301F-11D3-BF4B-00C04F79EFBC}") = "Demo_DataAccess", "Demo_DataAccess\Demo_DataAccess.csproj", "{1D1040A9-AE26-4B1A-8F91-0001B62DC5B5}"
EndProject
Project("{FAE04EC0-301F-11D3-BF4B-00C04F79EFBC}") = "Demo_BusinessLogic", "Demo_BusinessLogic\Demo_BusinessLogic.csproj", "{F5CBCDD7-7392-4ED5-9C39-BAA545A8E2AE}"
EndProject
Global
	GlobalSection(SolutionConfigurationPlatforms) = preSolution
		Debug|Any CPU = Debug|Any CPU
		Release|Any CPU = Release|Any CPU
	EndGlobalSection
	GlobalSection(ProjectConfigurationPlatforms) = postSolution
		{4F5E95B0-6F38-444C-A012-C9719B427A37}.Debug|Any CPU.ActiveCfg = Debug|Any CPU
		{4F5E95B0-6F38-444C-A012-C9719B427A37}.Debug|Any CPU.Build.0 = Debug|Any CPU
		{4F5E95B0-6F38-444C-A012-C9719B427A37}.Release|Any CPU.ActiveCfg = Release|Any CPU
		{4F5E95B0-6F38-444C-A012-C9719B427A37}.Release|Any CPU.Build.0 = Release|Any CPU
		{1D1040A9-AE26-4B1A-8F91-0001B62DC5B5}.Debug|Any CPU.ActiveCfg = Debug|Any CPU
		{1D1040A9-AE26-4B1A-8F91-0001B62DC5B5}.Debug|Any CPU.Build.0 = Debug|Any CPU
		{1D1040A9-AE26-4B1A-8F91-0001B62DC5B5}.Release|Any CPU.ActiveCfg = Release|Any CPU
		{1D1040A9-AE26-4B1A-8F91-0001B62DC5B5}.Release|Any CPU.Build.0 = Release|Any CPU
		{F5CBCDD7-7392-4ED5-9C39-BAA545A8E2AE}.Debug|Any CPU.ActiveCfg = Debug|Any CPU
		{F5CBCDD7-7392-4ED5-9C39-BAA545A8E2AE}.Debug|Any CPU.Build.0 = Debug|Any CPU
		{F5CBCDD7-7392-4ED5-9C39-BAA545A8E2AE}.Release|Any CPU.ActiveCfg = Release|Any CPU
		{F5CBCDD7-7392-4ED5-9C39-BAA545A8E2AE}.Release|Any CPU.Build.0 = Release|Any CPU
	EndGlobalSection
	GlobalSection(SolutionProperties) = preSolution
		HideSolutionNode = FALSE
	EndGlobalSection
	GlobalSection(ExtensibilityGlobals) = postSolution
		SolutionGuid = {549F52C6-244C-4235-A3CC-074A9B17D48D}
	EndGlobalSection
EndGlobal
